
Microsoft Visual Studio Solution File, Format Version 12.00
# Visual Studio Version 16
VisualStudioVersion = 16.0.31702.278
MinimumVisualStudioVersion = 10.0.40219.1
Project("{FAE04EC0-301F-11D3-BF4B-00C04F79EFBC}") = "CalculadoraDinamica", "CalculadoraDinamica\CalculadoraDinamica.csproj", "{2EF6186F-BEF3-4055-BE82-32B1AB869F52}"
EndProject
Global
	GlobalSection(SolutionConfigurationPlatforms) = preSolution
		Debug|Any CPU = Debug|Any CPU
		Release|Any CPU = Release|Any CPU
	EndGlobalSection
	GlobalSection(ProjectConfigurationPlatforms) = postSolution
		{2EF6186F-BEF3-4055-BE82-32B1AB869F52}.Debug|Any CPU.ActiveCfg = Debug|Any CPU
		{2EF6186F-BEF3-4055-BE82-32B1AB869F52}.Debug|Any CPU.Build.0 = Debug|Any CPU
		{2EF6186F-BEF3-4055-BE82-32B1AB869F52}.Release|Any CPU.ActiveCfg = Release|Any CPU
		{2EF6186F-BEF3-4055-BE82-32B1AB869F52}.Release|Any CPU.Build.0 = Release|Any CPU
	EndGlobalSection
	GlobalSection(SolutionProperties) = preSolution
		HideSolutionNode = FALSE
	EndGlobalSection
	GlobalSection(ExtensibilityGlobals) = postSolution
		SolutionGuid = {19AD85DC-70D1-4709-9505-DE4DD6F8DFA4}
	EndGlobalSection
EndGlobal
